// !$*UTF8*$!
{
	archiveVersion = 1;
	classes = {
	};
	objectVersion = 55;
	objects = {

/* Begin PBXBuildFile section */
		16D8724C0A9737B790A7AF74 /* Pods_Messenger.framework in Frameworks */ = {isa = PBXBuildFile; fileRef = FFB9D524B8AA6EACB48D0617 /* Pods_Messenger.framework */; };
		5688C9B227BD2B1E00EB2606 /* LoginViewController.swift in Sources */ = {isa = PBXBuildFile; fileRef = 5688C9B127BD2B1E00EB2606 /* LoginViewController.swift */; };
		5688C9B427BD2B2D00EB2606 /* RegisterViewController.swift in Sources */ = {isa = PBXBuildFile; fileRef = 5688C9B327BD2B2D00EB2606 /* RegisterViewController.swift */; };
		5688C9B627BD2B5500EB2606 /* PhotoViewerViewController.swift in Sources */ = {isa = PBXBuildFile; fileRef = 5688C9B527BD2B5500EB2606 /* PhotoViewerViewController.swift */; };
		5688C9B827BD2B6500EB2606 /* VideoPlayerViewController.swift in Sources */ = {isa = PBXBuildFile; fileRef = 5688C9B727BD2B6500EB2606 /* VideoPlayerViewController.swift */; };
		5688C9BA27BD2B8100EB2606 /* NewConversationViewController.swift in Sources */ = {isa = PBXBuildFile; fileRef = 5688C9B927BD2B8100EB2606 /* NewConversationViewController.swift */; };
		5688C9BC27BD2B9800EB2606 /* ProfileViewController.swift in Sources */ = {isa = PBXBuildFile; fileRef = 5688C9BB27BD2B9800EB2606 /* ProfileViewController.swift */; };
		5688C9BF27BD32ED00EB2606 /* Extensions.swift in Sources */ = {isa = PBXBuildFile; fileRef = 5688C9BE27BD32ED00EB2606 /* Extensions.swift */; };
		56E267AF27B7FE11000760E4 /* AppDelegate.swift in Sources */ = {isa = PBXBuildFile; fileRef = 56E267AE27B7FE11000760E4 /* AppDelegate.swift */; };
		56E267B127B7FE11000760E4 /* SceneDelegate.swift in Sources */ = {isa = PBXBuildFile; fileRef = 56E267B027B7FE11000760E4 /* SceneDelegate.swift */; };
		56E267B327B7FE11000760E4 /* ConversationsViewController.swift in Sources */ = {isa = PBXBuildFile; fileRef = 56E267B227B7FE11000760E4 /* ConversationsViewController.swift */; };
		56E267B627B7FE11000760E4 /* Main.storyboard in Resources */ = {isa = PBXBuildFile; fileRef = 56E267B427B7FE11000760E4 /* Main.storyboard */; };
		56E267B827B7FE12000760E4 /* Assets.xcassets in Resources */ = {isa = PBXBuildFile; fileRef = 56E267B727B7FE12000760E4 /* Assets.xcassets */; };
		56E267BB27B7FE12000760E4 /* LaunchScreen.storyboard in Resources */ = {isa = PBXBuildFile; fileRef = 56E267B927B7FE12000760E4 /* LaunchScreen.storyboard */; };
		56E7DBE52843A62A00E4917C /* GoogleService-Info.plist in Resources */ = {isa = PBXBuildFile; fileRef = 56E7DBE42843A62A00E4917C /* GoogleService-Info.plist */; };
		56E7DBE72843AA5700E4917C /* DatabaseManager.swift in Sources */ = {isa = PBXBuildFile; fileRef = 56E7DBE62843AA5700E4917C /* DatabaseManager.swift */; };
/* End PBXBuildFile section */

/* Begin PBXFileReference section */
		044C6F5FBE0469D4272F393A /* Pods-Messenger.debug.xcconfig */ = {isa = PBXFileReference; includeInIndex = 1; lastKnownFileType = text.xcconfig; name = "Pods-Messenger.debug.xcconfig"; path = "Target Support Files/Pods-Messenger/Pods-Messenger.debug.xcconfig"; sourceTree = "<group>"; };
		18803AF4A417082F2B279ABC /* Pods-Messenger.release.xcconfig */ = {isa = PBXFileReference; includeInIndex = 1; lastKnownFileType = text.xcconfig; name = "Pods-Messenger.release.xcconfig"; path = "Target Support Files/Pods-Messenger/Pods-Messenger.release.xcconfig"; sourceTree = "<group>"; };
		5688C9B127BD2B1E00EB2606 /* LoginViewController.swift */ = {isa = PBXFileReference; lastKnownFileType = sourcecode.swift; path = LoginViewController.swift; sourceTree = "<group>"; };
		5688C9B327BD2B2D00EB2606 /* RegisterViewController.swift */ = {isa = PBXFileReference; lastKnownFileType = sourcecode.swift; path = RegisterViewController.swift; sourceTree = "<group>"; };
		5688C9B527BD2B5500EB2606 /* PhotoViewerViewController.swift */ = {isa = PBXFileReference; lastKnownFileType = sourcecode.swift; path = PhotoViewerViewController.swift; sourceTree = "<group>"; };
		5688C9B727BD2B6500EB2606 /* VideoPlayerViewController.swift */ = {isa = PBXFileReference; lastKnownFileType = sourcecode.swift; path = VideoPlayerViewController.swift; sourceTree = "<group>"; };
		5688C9B927BD2B8100EB2606 /* NewConversationViewController.swift */ = {isa = PBXFileReference; lastKnownFileType = sourcecode.swift; path = NewConversationViewController.swift; sourceTree = "<group>"; };
		5688C9BB27BD2B9800EB2606 /* ProfileViewController.swift */ = {isa = PBXFileReference; lastKnownFileType = sourcecode.swift; path = ProfileViewController.swift; sourceTree = "<group>"; };
		5688C9BE27BD32ED00EB2606 /* Extensions.swift */ = {isa = PBXFileReference; lastKnownFileType = sourcecode.swift; path = Extensions.swift; sourceTree = "<group>"; };
		56E267AB27B7FE11000760E4 /* Messenger.app */ = {isa = PBXFileReference; explicitFileType = wrapper.application; includeInIndex = 0; path = Messenger.app; sourceTree = BUILT_PRODUCTS_DIR; };
		56E267AE27B7FE11000760E4 /* AppDelegate.swift */ = {isa = PBXFileReference; lastKnownFileType = sourcecode.swift; path = AppDelegate.swift; sourceTree = "<group>"; };
		56E267B027B7FE11000760E4 /* SceneDelegate.swift */ = {isa = PBXFileReference; lastKnownFileType = sourcecode.swift; path = SceneDelegate.swift; sourceTree = "<group>"; };
		56E267B227B7FE11000760E4 /* ConversationsViewController.swift */ = {isa = PBXFileReference; lastKnownFileType = sourcecode.swift; path = ConversationsViewController.swift; sourceTree = "<group>"; };
		56E267B527B7FE11000760E4 /* Base */ = {isa = PBXFileReference; lastKnownFileType = file.storyboard; name = Base; path = Base.lproj/Main.storyboard; sourceTree = "<group>"; };
		56E267B727B7FE12000760E4 /* Assets.xcassets */ = {isa = PBXFileReference; lastKnownFileType = folder.assetcatalog; path = Assets.xcassets; sourceTree = "<group>"; };
		56E267BA27B7FE12000760E4 /* Base */ = {isa = PBXFileReference; lastKnownFileType = file.storyboard; name = Base; path = Base.lproj/LaunchScreen.storyboard; sourceTree = "<group>"; };
		56E267BC27B7FE12000760E4 /* Info.plist */ = {isa = PBXFileReference; lastKnownFileType = text.plist.xml; path = Info.plist; sourceTree = "<group>"; };
		56E7DBE42843A62A00E4917C /* GoogleService-Info.plist */ = {isa = PBXFileReference; fileEncoding = 4; lastKnownFileType = text.plist.xml; name = "GoogleService-Info.plist"; path = "../../../../Downloads/GoogleService-Info.plist"; sourceTree = "<group>"; };
		56E7DBE62843AA5700E4917C /* DatabaseManager.swift */ = {isa = PBXFileReference; lastKnownFileType = sourcecode.swift; path = DatabaseManager.swift; sourceTree = "<group>"; };
		FFB9D524B8AA6EACB48D0617 /* Pods_Messenger.framework */ = {isa = PBXFileReference; explicitFileType = wrapper.framework; includeInIndex = 0; path = Pods_Messenger.framework; sourceTree = BUILT_PRODUCTS_DIR; };
/* End PBXFileReference section */

/* Begin PBXFrameworksBuildPhase section */
		56E267A827B7FE11000760E4 /* Frameworks */ = {
			isa = PBXFrameworksBuildPhase;
			buildActionMask = 2147483647;
			files = (
				16D8724C0A9737B790A7AF74 /* Pods_Messenger.framework in Frameworks */,
			);
			runOnlyForDeploymentPostprocessing = 0;
		};
/* End PBXFrameworksBuildPhase section */

/* Begin PBXGroup section */
		0B9AAE2103E16B369FBDC90B /* Pods */ = {
			isa = PBXGroup;
			children = (
				044C6F5FBE0469D4272F393A /* Pods-Messenger.debug.xcconfig */,
				18803AF4A417082F2B279ABC /* Pods-Messenger.release.xcconfig */,
			);
			path = Pods;
			sourceTree = "<group>";
		};
		20C8C82B8CD968BBDE285774 /* Frameworks */ = {
			isa = PBXGroup;
			children = (
				FFB9D524B8AA6EACB48D0617 /* Pods_Messenger.framework */,
			);
			name = Frameworks;
			sourceTree = "<group>";
		};
		5688C9AA27BD1CC700EB2606 /* Views */ = {
			isa = PBXGroup;
			children = (
				5688C9B027BD1D2400EB2606 /* Storyboards */,
				56E267B727B7FE12000760E4 /* Assets.xcassets */,
			);
			path = Views;
			sourceTree = "<group>";
		};
		5688C9AC27BD1CD700EB2606 /* Controllers */ = {
			isa = PBXGroup;
			children = (
				56E267B227B7FE11000760E4 /* ConversationsViewController.swift */,
				5688C9BD27BD2C5000EB2606 /* login */,
				5688C9B527BD2B5500EB2606 /* PhotoViewerViewController.swift */,
				5688C9B727BD2B6500EB2606 /* VideoPlayerViewController.swift */,
				5688C9B927BD2B8100EB2606 /* NewConversationViewController.swift */,
				5688C9BB27BD2B9800EB2606 /* ProfileViewController.swift */,
			);
			path = Controllers;
			sourceTree = "<group>";
		};
		5688C9AD27BD1CE100EB2606 /* Models */ = {
			isa = PBXGroup;
			children = (
			);
			path = Models;
			sourceTree = "<group>";
		};
		5688C9AE27BD1CE600EB2606 /* ViewModels */ = {
			isa = PBXGroup;
			children = (
			);
			path = ViewModels;
			sourceTree = "<group>";
		};
		5688C9AF27BD1CEF00EB2606 /* Resources */ = {
			isa = PBXGroup;
			children = (
				56E267AE27B7FE11000760E4 /* AppDelegate.swift */,
				56E267B027B7FE11000760E4 /* SceneDelegate.swift */,
				5688C9BE27BD32ED00EB2606 /* Extensions.swift */,
				56E7DBE62843AA5700E4917C /* DatabaseManager.swift */,
			);
			path = Resources;
			sourceTree = "<group>";
		};
		5688C9B027BD1D2400EB2606 /* Storyboards */ = {
			isa = PBXGroup;
			children = (
				56E267B427B7FE11000760E4 /* Main.storyboard */,
				56E267B927B7FE12000760E4 /* LaunchScreen.storyboard */,
			);
			path = Storyboards;
			sourceTree = "<group>";
		};
		5688C9BD27BD2C5000EB2606 /* login */ = {
			isa = PBXGroup;
			children = (
				5688C9B127BD2B1E00EB2606 /* LoginViewController.swift */,
				5688C9B327BD2B2D00EB2606 /* RegisterViewController.swift */,
			);
			path = login;
			sourceTree = "<group>";
		};
		56E267A227B7FE11000760E4 = {
			isa = PBXGroup;
			children = (
				56E267AD27B7FE11000760E4 /* Messenger */,
				56E267AC27B7FE11000760E4 /* Products */,
				0B9AAE2103E16B369FBDC90B /* Pods */,
				20C8C82B8CD968BBDE285774 /* Frameworks */,
			);
			sourceTree = "<group>";
		};
		56E267AC27B7FE11000760E4 /* Products */ = {
			isa = PBXGroup;
			children = (
				56E267AB27B7FE11000760E4 /* Messenger.app */,
			);
			name = Products;
			sourceTree = "<group>";
		};
		56E267AD27B7FE11000760E4 /* Messenger */ = {
			isa = PBXGroup;
			children = (
				56E7DBE42843A62A00E4917C /* GoogleService-Info.plist */,
				5688C9AF27BD1CEF00EB2606 /* Resources */,
				5688C9AE27BD1CE600EB2606 /* ViewModels */,
				5688C9AD27BD1CE100EB2606 /* Models */,
				5688C9AC27BD1CD700EB2606 /* Controllers */,
				5688C9AA27BD1CC700EB2606 /* Views */,
				56E267BC27B7FE12000760E4 /* Info.plist */,
			);
			path = Messenger;
			sourceTree = "<group>";
		};
/* End PBXGroup section */

/* Begin PBXNativeTarget section */
		56E267AA27B7FE11000760E4 /* Messenger */ = {
			isa = PBXNativeTarget;
			buildConfigurationList = 56E267BF27B7FE12000760E4 /* Build configuration list for PBXNativeTarget "Messenger" */;
			buildPhases = (
				56B8B8240ABA91FD52D11AB8 /* [CP] Check Pods Manifest.lock */,
				56E267A727B7FE11000760E4 /* Sources */,
				56E267A827B7FE11000760E4 /* Frameworks */,
				56E267A927B7FE11000760E4 /* Resources */,
				DEF546212BD7E5338C4F1130 /* [CP] Embed Pods Frameworks */,
			);
			buildRules = (
			);
			dependencies = (
			);
			name = Messenger;
			productName = Messenger;
			productReference = 56E267AB27B7FE11000760E4 /* Messenger.app */;
			productType = "com.apple.product-type.application";
		};
/* End PBXNativeTarget section */

/* Begin PBXProject section */
		56E267A327B7FE11000760E4 /* Project object */ = {
			isa = PBXProject;
			attributes = {
				BuildIndependentTargetsInParallel = 1;
				LastSwiftUpdateCheck = 1320;
				LastUpgradeCheck = 1320;
				TargetAttributes = {
					56E267AA27B7FE11000760E4 = {
						CreatedOnToolsVersion = 13.2.1;
					};
				};
			};
			buildConfigurationList = 56E267A627B7FE11000760E4 /* Build configuration list for PBXProject "Messenger" */;
			compatibilityVersion = "Xcode 13.0";
			developmentRegion = en;
			hasScannedForEncodings = 0;
			knownRegions = (
				en,
				Base,
			);
			mainGroup = 56E267A227B7FE11000760E4;
			productRefGroup = 56E267AC27B7FE11000760E4 /* Products */;
			projectDirPath = "";
			projectRoot = "";
			targets = (
				56E267AA27B7FE11000760E4 /* Messenger */,
			);
		};
/* End PBXProject section */

/* Begin PBXResourcesBuildPhase section */
		56E267A927B7FE11000760E4 /* Resources */ = {
			isa = PBXResourcesBuildPhase;
			buildActionMask = 2147483647;
			files = (
				56E267BB27B7FE12000760E4 /* LaunchScreen.storyboard in Resources */,
				56E7DBE52843A62A00E4917C /* GoogleService-Info.plist in Resources */,
				56E267B827B7FE12000760E4 /* Assets.xcassets in Resources */,
				56E267B627B7FE11000760E4 /* Main.storyboard in Resources */,
			);
			runOnlyForDeploymentPostprocessing = 0;
		};
/* End PBXResourcesBuildPhase section */

/* Begin PBXShellScriptBuildPhase section */
		56B8B8240ABA91FD52D11AB8 /* [CP] Check Pods Manifest.lock */ = {
			isa = PBXShellScriptBuildPhase;
			buildActionMask = 2147483647;
			files = (
			);
			inputFileListPaths = (
			);
			inputPaths = (
				"${PODS_PODFILE_DIR_PATH}/Podfile.lock",
				"${PODS_ROOT}/Manifest.lock",
			);
			name = "[CP] Check Pods Manifest.lock";
			outputFileListPaths = (
			);
			outputPaths = (
				"$(DERIVED_FILE_DIR)/Pods-Messenger-checkManifestLockResult.txt",
			);
			runOnlyForDeploymentPostprocessing = 0;
			shellPath = /bin/sh;
			shellScript = "diff \"${PODS_PODFILE_DIR_PATH}/Podfile.lock\" \"${PODS_ROOT}/Manifest.lock\" > /dev/null\nif [ $? != 0 ] ; then\n    # print error to STDERR\n    echo \"error: The sandbox is not in sync with the Podfile.lock. Run 'pod install' or update your CocoaPods installation.\" >&2\n    exit 1\nfi\n# This output is used by Xcode 'outputs' to avoid re-running this script phase.\necho \"SUCCESS\" > \"${SCRIPT_OUTPUT_FILE_0}\"\n";
			showEnvVarsInLog = 0;
		};
		DEF546212BD7E5338C4F1130 /* [CP] Embed Pods Frameworks */ = {
			isa = PBXShellScriptBuildPhase;
			buildActionMask = 2147483647;
			files = (
			);
			inputFileListPaths = (
				"${PODS_ROOT}/Target Support Files/Pods-Messenger/Pods-Messenger-frameworks-${CONFIGURATION}-input-files.xcfilelist",
			);
			name = "[CP] Embed Pods Frameworks";
			outputFileListPaths = (
				"${PODS_ROOT}/Target Support Files/Pods-Messenger/Pods-Messenger-frameworks-${CONFIGURATION}-output-files.xcfilelist",
			);
			runOnlyForDeploymentPostprocessing = 0;
			shellPath = /bin/sh;
			shellScript = "\"${PODS_ROOT}/Target Support Files/Pods-Messenger/Pods-Messenger-frameworks.sh\"\n";
			showEnvVarsInLog = 0;
		};
/* End PBXShellScriptBuildPhase section */

/* Begin PBXSourcesBuildPhase section */
		56E267A727B7FE11000760E4 /* Sources */ = {
			isa = PBXSourcesBuildPhase;
			buildActionMask = 2147483647;
			files = (
				5688C9B227BD2B1E00EB2606 /* LoginViewController.swift in Sources */,
				56E7DBE72843AA5700E4917C /* DatabaseManager.swift in Sources */,
				5688C9B427BD2B2D00EB2606 /* RegisterViewController.swift in Sources */,
				5688C9BA27BD2B8100EB2606 /* NewConversationViewController.swift in Sources */,
				56E267B327B7FE11000760E4 /* ConversationsViewController.swift in Sources */,
				5688C9B827BD2B6500EB2606 /* VideoPlayerViewController.swift in Sources */,
				5688C9BF27BD32ED00EB2606 /* Extensions.swift in Sources */,
				56E267AF27B7FE11000760E4 /* AppDelegate.swift in Sources */,
				5688C9BC27BD2B9800EB2606 /* ProfileViewController.swift in Sources */,
				56E267B127B7FE11000760E4 /* SceneDelegate.swift in Sources */,
				5688C9B627BD2B5500EB2606 /* PhotoViewerViewController.swift in Sources */,
			);
			runOnlyForDeploymentPostprocessing = 0;
		};
/* End PBXSourcesBuildPhase section */

/* Begin PBXVariantGroup section */
		56E267B427B7FE11000760E4 /* Main.storyboard */ = {
			isa = PBXVariantGroup;
			children = (
				56E267B527B7FE11000760E4 /* Base */,
			);
			name = Main.storyboard;
			sourceTree = "<group>";
		};
		56E267B927B7FE12000760E4 /* LaunchScreen.storyboard */ = {
			isa = PBXVariantGroup;
			children = (
				56E267BA27B7FE12000760E4 /* Base */,
			);
			name = LaunchScreen.storyboard;
			sourceTree = "<group>";
		};
/* End PBXVariantGroup section */

/* Begin XCBuildConfiguration section */
		56E267BD27B7FE12000760E4 /* Debug */ = {
			isa = XCBuildConfiguration;
			buildSettings = {
				ALWAYS_SEARCH_USER_PATHS = NO;
				CLANG_ANALYZER_NONNULL = YES;
				CLANG_ANALYZER_NUMBER_OBJECT_CONVERSION = YES_AGGRESSIVE;
				CLANG_CXX_LANGUAGE_STANDARD = "gnu++17";
				CLANG_CXX_LIBRARY = "libc++";
				CLANG_ENABLE_MODULES = YES;
				CLANG_ENABLE_OBJC_ARC = YES;
				CLANG_ENABLE_OBJC_WEAK = YES;
				CLANG_WARN_BLOCK_CAPTURE_AUTORELEASING = YES;
				CLANG_WARN_BOOL_CONVERSION = YES;
				CLANG_WARN_COMMA = YES;
				CLANG_WARN_CONSTANT_CONVERSION = YES;
				CLANG_WARN_DEPRECATED_OBJC_IMPLEMENTATIONS = YES;
				CLANG_WARN_DIRECT_OBJC_ISA_USAGE = YES_ERROR;
				CLANG_WARN_DOCUMENTATION_COMMENTS = YES;
				CLANG_WARN_EMPTY_BODY = YES;
				CLANG_WARN_ENUM_CONVERSION = YES;
				CLANG_WARN_INFINITE_RECURSION = YES;
				CLANG_WARN_INT_CONVERSION = YES;
				CLANG_WARN_NON_LITERAL_NULL_CONVERSION = YES;
				CLANG_WARN_OBJC_IMPLICIT_RETAIN_SELF = YES;
				CLANG_WARN_OBJC_LITERAL_CONVERSION = YES;
				CLANG_WARN_OBJC_ROOT_CLASS = YES_ERROR;
				CLANG_WARN_QUOTED_INCLUDE_IN_FRAMEWORK_HEADER = YES;
				CLANG_WARN_RANGE_LOOP_ANALYSIS = YES;
				CLANG_WARN_STRICT_PROTOTYPES = YES;
				CLANG_WARN_SUSPICIOUS_MOVE = YES;
				CLANG_WARN_UNGUARDED_AVAILABILITY = YES_AGGRESSIVE;
				CLANG_WARN_UNREACHABLE_CODE = YES;
				CLANG_WARN__DUPLICATE_METHOD_MATCH = YES;
				COPY_PHASE_STRIP = NO;
				DEBUG_INFORMATION_FORMAT = dwarf;
				ENABLE_STRICT_OBJC_MSGSEND = YES;
				ENABLE_TESTABILITY = YES;
				GCC_C_LANGUAGE_STANDARD = gnu11;
				GCC_DYNAMIC_NO_PIC = NO;
				GCC_NO_COMMON_BLOCKS = YES;
				GCC_OPTIMIZATION_LEVEL = 0;
				GCC_PREPROCESSOR_DEFINITIONS = (
					"DEBUG=1",
					"$(inherited)",
				);
				GCC_WARN_64_TO_32_BIT_CONVERSION = YES;
				GCC_WARN_ABOUT_RETURN_TYPE = YES_ERROR;
				GCC_WARN_UNDECLARED_SELECTOR = YES;
				GCC_WARN_UNINITIALIZED_AUTOS = YES_AGGRESSIVE;
				GCC_WARN_UNUSED_FUNCTION = YES;
				GCC_WARN_UNUSED_VARIABLE = YES;
				IPHONEOS_DEPLOYMENT_TARGET = 15.2;
				MTL_ENABLE_DEBUG_INFO = INCLUDE_SOURCE;
				MTL_FAST_MATH = YES;
				ONLY_ACTIVE_ARCH = YES;
				SDKROOT = iphoneos;
				SWIFT_ACTIVE_COMPILATION_CONDITIONS = DEBUG;
				SWIFT_OPTIMIZATION_LEVEL = "-Onone";
			};
			name = Debug;
		};
		56E267BE27B7FE12000760E4 /* Release */ = {
			isa = XCBuildConfiguration;
			buildSettings = {
				ALWAYS_SEARCH_USER_PATHS = NO;
				CLANG_ANALYZER_NONNULL = YES;
				CLANG_ANALYZER_NUMBER_OBJECT_CONVERSION = YES_AGGRESSIVE;
				CLANG_CXX_LANGUAGE_STANDARD = "gnu++17";
				CLANG_CXX_LIBRARY = "libc++";
				CLANG_ENABLE_MODULES = YES;
				CLANG_ENABLE_OBJC_ARC = YES;
				CLANG_ENABLE_OBJC_WEAK = YES;
				CLANG_WARN_BLOCK_CAPTURE_AUTORELEASING = YES;
				CLANG_WARN_BOOL_CONVERSION = YES;
				CLANG_WARN_COMMA = YES;
				CLANG_WARN_CONSTANT_CONVERSION = YES;
				CLANG_WARN_DEPRECATED_OBJC_IMPLEMENTATIONS = YES;
				CLANG_WARN_DIRECT_OBJC_ISA_USAGE = YES_ERROR;
				CLANG_WARN_DOCUMENTATION_COMMENTS = YES;
				CLANG_WARN_EMPTY_BODY = YES;
				CLANG_WARN_ENUM_CONVERSION = YES;
				CLANG_WARN_INFINITE_RECURSION = YES;
				CLANG_WARN_INT_CONVERSION = YES;
				CLANG_WARN_NON_LITERAL_NULL_CONVERSION = YES;
				CLANG_WARN_OBJC_IMPLICIT_RETAIN_SELF = YES;
				CLANG_WARN_OBJC_LITERAL_CONVERSION = YES;
				CLANG_WARN_OBJC_ROOT_CLASS = YES_ERROR;
				CLANG_WARN_QUOTED_INCLUDE_IN_FRAMEWORK_HEADER = YES;
				CLANG_WARN_RANGE_LOOP_ANALYSIS = YES;
				CLANG_WARN_STRICT_PROTOTYPES = YES;
				CLANG_WARN_SUSPICIOUS_MOVE = YES;
				CLANG_WARN_UNGUARDED_AVAILABILITY = YES_AGGRESSIVE;
				CLANG_WARN_UNREACHABLE_CODE = YES;
				CLANG_WARN__DUPLICATE_METHOD_MATCH = YES;
				COPY_PHASE_STRIP = NO;
				DEBUG_INFORMATION_FORMAT = "dwarf-with-dsym";
				ENABLE_NS_ASSERTIONS = NO;
				ENABLE_STRICT_OBJC_MSGSEND = YES;
				GCC_C_LANGUAGE_STANDARD = gnu11;
				GCC_NO_COMMON_BLOCKS = YES;
				GCC_WARN_64_TO_32_BIT_CONVERSION = YES;
				GCC_WARN_ABOUT_RETURN_TYPE = YES_ERROR;
				GCC_WARN_UNDECLARED_SELECTOR = YES;
				GCC_WARN_UNINITIALIZED_AUTOS = YES_AGGRESSIVE;
				GCC_WARN_UNUSED_FUNCTION = YES;
				GCC_WARN_UNUSED_VARIABLE = YES;
				IPHONEOS_DEPLOYMENT_TARGET = 15.2;
				MTL_ENABLE_DEBUG_INFO = NO;
				MTL_FAST_MATH = YES;
				SDKROOT = iphoneos;
				SWIFT_COMPILATION_MODE = wholemodule;
				SWIFT_OPTIMIZATION_LEVEL = "-O";
				VALIDATE_PRODUCT = YES;
			};
			name = Release;
		};
		56E267C027B7FE12000760E4 /* Debug */ = {
			isa = XCBuildConfiguration;
			baseConfigurationReference = 044C6F5FBE0469D4272F393A /* Pods-Messenger.debug.xcconfig */;
			buildSettings = {
				ASSETCATALOG_COMPILER_APPICON_NAME = AppIcon;
				ASSETCATALOG_COMPILER_GLOBAL_ACCENT_COLOR_NAME = AccentColor;
				CODE_SIGN_STYLE = Automatic;
				CURRENT_PROJECT_VERSION = 1;
				DEVELOPMENT_TEAM = QK8LY36SC5;
				GENERATE_INFOPLIST_FILE = YES;
				INFOPLIST_FILE = Messenger/Info.plist;
				INFOPLIST_KEY_UIApplicationSupportsIndirectInputEvents = YES;
				INFOPLIST_KEY_UILaunchStoryboardName = LaunchScreen;
				INFOPLIST_KEY_UIMainStoryboardFile = Main;
				INFOPLIST_KEY_UISupportedInterfaceOrientations = UIInterfaceOrientationPortrait;
				INFOPLIST_KEY_UISupportedInterfaceOrientations_iPad = "UIInterfaceOrientationPortrait UIInterfaceOrientationPortraitUpsideDown UIInterfaceOrientationLandscapeLeft UIInterfaceOrientationLandscapeRight";
				INFOPLIST_KEY_UISupportedInterfaceOrientations_iPhone = "UIInterfaceOrientationPortrait UIInterfaceOrientationLandscapeLeft UIInterfaceOrientationLandscapeRight";
				IPHONEOS_DEPLOYMENT_TARGET = 15.2;
				LD_RUNPATH_SEARCH_PATHS = (
					"$(inherited)",
					"@executable_path/Frameworks",
				);
				MARKETING_VERSION = 1.0;
				PRODUCT_BUNDLE_IDENTIFIER = com.egeseckin.Messenger;
				PRODUCT_NAME = "$(TARGET_NAME)";
				SWIFT_EMIT_LOC_STRINGS = YES;
				SWIFT_VERSION = 5.0;
				TARGETED_DEVICE_FAMILY = 1;
			};
			name = Debug;
		};
		56E267C127B7FE12000760E4 /* Release */ = {
			isa = XCBuildConfiguration;
			baseConfigurationReference = 18803AF4A417082F2B279ABC /* Pods-Messenger.release.xcconfig */;
			buildSettings = {
				ASSETCATALOG_COMPILER_APPICON_NAME = AppIcon;
				ASSETCATALOG_COMPILER_GLOBAL_ACCENT_COLOR_NAME = AccentColor;
				CODE_SIGN_STYLE = Automatic;
				CURRENT_PROJECT_VERSION = 1;
				DEVELOPMENT_TEAM = QK8LY36SC5;
				GENERATE_INFOPLIST_FILE = YES;
				INFOPLIST_FILE = Messenger/Info.plist;
				INFOPLIST_KEY_UIApplicationSupportsIndirectInputEvents = YES;
				INFOPLIST_KEY_UILaunchStoryboardName = LaunchScreen;
				INFOPLIST_KEY_UIMainStoryboardFile = Main;
				INFOPLIST_KEY_UISupportedInterfaceOrientations = UIInterfaceOrientationPortrait;
				INFOPLIST_KEY_UISupportedInterfaceOrientations_iPad = "UIInterfaceOrientationPortrait UIInterfaceOrientationPortraitUpsideDown UIInterfaceOrientationLandscapeLeft UIInterfaceOrientationLandscapeRight";
				INFOPLIST_KEY_UISupportedInterfaceOrientations_iPhone = "UIInterfaceOrientationPortrait UIInterfaceOrientationLandscapeLeft UIInterfaceOrientationLandscapeRight";
				IPHONEOS_DEPLOYMENT_TARGET = 15.2;
				LD_RUNPATH_SEARCH_PATHS = (
					"$(inherited)",
					"@executable_path/Frameworks",
				);
				MARKETING_VERSION = 1.0;
				PRODUCT_BUNDLE_IDENTIFIER = com.egeseckin.Messenger;
				PRODUCT_NAME = "$(TARGET_NAME)";
				SWIFT_EMIT_LOC_STRINGS = YES;
				SWIFT_VERSION = 5.0;
				TARGETED_DEVICE_FAMILY = 1;
			};
			name = Release;
		};
/* End XCBuildConfiguration section */

/* Begin XCConfigurationList section */
		56E267A627B7FE11000760E4 /* Build configuration list for PBXProject "Messenger" */ = {
			isa = XCConfigurationList;
			buildConfigurations = (
				56E267BD27B7FE12000760E4 /* Debug */,
				56E267BE27B7FE12000760E4 /* Release */,
			);
			defaultConfigurationIsVisible = 0;
			defaultConfigurationName = Release;
		};
		56E267BF27B7FE12000760E4 /* Build configuration list for PBXNativeTarget "Messenger" */ = {
			isa = XCConfigurationList;
			buildConfigurations = (
				56E267C027B7FE12000760E4 /* Debug */,
				56E267C127B7FE12000760E4 /* Release */,
			);
			defaultConfigurationIsVisible = 0;
			defaultConfigurationName = Release;
		};
/* End XCConfigurationList section */
	};
	rootObject = 56E267A327B7FE11000760E4 /* Project object */;
}
